<?xml version="1.0" encoding="utf-8"?>
<Project ToolsVersion="4.0" xmlns="http://schemas.microsoft.com/developer/msbuild/2003">
  <ItemGroup>
    <Filter Include="源文件">
      <UniqueIdentifier>{4FC737F1-C7A5-4376-A066-2A32D752A2FF}</UniqueIdentifier>
      <Extensions>cpp;c;cc;cxx;def;odl;idl;hpj;bat;asm;asmx</Extensions>
    </Filter>
    <Filter Include="头文件">
      <UniqueIdentifier>{93995380-89BD-4b04-88EB-625FBE52EBFB}</UniqueIdentifier>
      <Extensions>h;hh;hpp;hxx;hm;inl;inc;xsd</Extensions>
    </Filter>
    <Filter Include="资源文件">
      <UniqueIdentifier>{67DA6AB6-F800-4c08-8B7A-83BB121AAD01}</UniqueIdentifier>
      <Extensions>rc;ico;cur;bmp;dlg;rc2;rct;bin;rgs;gif;jpg;jpeg;jpe;resx;tiff;tif;png;wav;mfcribbon-ms</Extensions>
    </Filter>
    <Filter Include="头文件\StrategyPattern">
      <UniqueIdentifier>{7ee098bd-004b-4903-a9ac-5e6d12cad276}</UniqueIdentifier>
    </Filter>
    <Filter Include="源文件\StrategyPattern">
      <UniqueIdentifier>{bfe139ab-f896-46e7-932d-ca7d62408944}</UniqueIdentifier>
    </Filter>
    <Filter Include="头文件\ObserverPattern">
      <UniqueIdentifier>{4e9ba0a8-abf0-4e95-a7a2-5278d4cc6652}</UniqueIdentifier>
    </Filter>
    <Filter Include="源文件\ObserverPattern">
      <UniqueIdentifier>{edbb4713-45ab-4c59-9aa5-0dff8cce20ab}</UniqueIdentifier>
    </Filter>
    <Filter Include="头文件\DecoratorPattern">
      <UniqueIdentifier>{378d9258-8d12-4e65-af11-0c714154cfd3}</UniqueIdentifier>
    </Filter>
    <Filter Include="源文件\DecoratorPattern">
      <UniqueIdentifier>{ac6ff1de-8425-46f1-9117-fd89696a79d3}</UniqueIdentifier>
    </Filter>
  </ItemGroup>
  <ItemGroup>
    <ClInclude Include="Duck.h">
      <Filter>头文件\StrategyPattern</Filter>
    </ClInclude>
    <ClInclude Include="RedheadDuck.h">
      <Filter>头文件\StrategyPattern</Filter>
    </ClInclude>
    <ClInclude Include="RubberDuck.h">
      <Filter>头文件\StrategyPattern</Filter>
    </ClInclude>
    <ClInclude Include="FlyBehavior.h">
      <Filter>头文件\StrategyPattern</Filter>
    </ClInclude>
    <ClInclude Include="QuackBehavior.h">
      <Filter>头文件\StrategyPattern</Filter>
    </ClInclude>
    <ClInclude Include="FlyWithWings.h">
      <Filter>头文件\StrategyPattern</Filter>
    </ClInclude>
    <ClInclude Include="FlyNoWay.h">
      <Filter>头文件\StrategyPattern</Filter>
    </ClInclude>
    <ClInclude Include="FlyWithRocket.h">
      <Filter>头文件\StrategyPattern</Filter>
    </ClInclude>
    <ClInclude Include="Quack.h">
      <Filter>头文件\StrategyPattern</Filter>
    </ClInclude>
    <ClInclude Include="MuteQuack.h">
      <Filter>头文件\StrategyPattern</Filter>
    </ClInclude>
    <ClInclude Include="Squeak.h">
      <Filter>头文件\StrategyPattern</Filter>
    </ClInclude>
    <ClInclude Include="MallardDuck.h">
      <Filter>头文件\StrategyPattern</Filter>
    </ClInclude>
    <ClInclude Include="Observer.h">
      <Filter>头文件\ObserverPattern</Filter>
    </ClInclude>
    <ClInclude Include="DisplayElement.h">
      <Filter>头文件\ObserverPattern</Filter>
    </ClInclude>
    <ClInclude Include="Subject.h">
      <Filter>头文件\ObserverPattern</Filter>
    </ClInclude>
    <ClInclude Include="CurrentConditionsDisplay.h">
      <Filter>头文件\ObserverPattern</Filter>
    </ClInclude>
    <ClInclude Include="StatisticsDisplay.h">
      <Filter>头文件\ObserverPattern</Filter>
    </ClInclude>
    <ClInclude Include="ForecastDisplay.h">
      <Filter>头文件\ObserverPattern</Filter>
    </ClInclude>
    <ClInclude Include="WeatherData.h">
      <Filter>头文件\ObserverPattern</Filter>
    </ClInclude>
    <ClInclude Include="Beverage.h">
      <Filter>头文件\DecoratorPattern</Filter>
    </ClInclude>
    <ClInclude Include="HouseBlend.h">
      <Filter>头文件\DecoratorPattern</Filter>
    </ClInclude>
    <ClInclude Include="DarkRoast.h">
      <Filter>头文件\DecoratorPattern</Filter>
    </ClInclude>
    <ClInclude Include="Espresso.h">
      <Filter>头文件\DecoratorPattern</Filter>
    </ClInclude>
    <ClInclude Include="CondimentDecorator.h">
      <Filter>头文件\DecoratorPattern</Filter>
    </ClInclude>
    <ClInclude Include="Milk.h">
      <Filter>头文件\DecoratorPattern</Filter>
    </ClInclude>
    <ClInclude Include="Mocha.h">
      <Filter>头文件\DecoratorPattern</Filter>
    </ClInclude>
    <ClInclude Include="Soy.h">
      <Filter>头文件\DecoratorPattern</Filter>
    </ClInclude>
    <ClInclude Include="Whip.h">
      <Filter>头文件\DecoratorPattern</Filter>
    </ClInclude>
  </ItemGroup>
  <ItemGroup>
    <ClCompile Include="Duck.cpp">
      <Filter>源文件\StrategyPattern</Filter>
    </ClCompile>
    <ClCompile Include="RedheadDuck.cpp">
      <Filter>源文件\StrategyPattern</Filter>
    </ClCompile>
    <ClCompile Include="RubberDuck.cpp">
      <Filter>源文件\StrategyPattern</Filter>
    </ClCompile>
    <ClCompile Include="FlyBehavior.cpp">
      <Filter>源文件\StrategyPattern</Filter>
    </ClCompile>
    <ClCompile Include="QuackBehavior.cpp">
      <Filter>源文件\StrategyPattern</Filter>
    </ClCompile>
    <ClCompile Include="FlyWithWings.cpp">
      <Filter>源文件\StrategyPattern</Filter>
    </ClCompile>
    <ClCompile Include="FlyNoWay.cpp">
      <Filter>源文件\StrategyPattern</Filter>
    </ClCompile>
    <ClCompile Include="FlyWithRocket.cpp">
      <Filter>源文件\StrategyPattern</Filter>
    </ClCompile>
    <ClCompile Include="Quack.cpp">
      <Filter>源文件\StrategyPattern</Filter>
    </ClCompile>
    <ClCompile Include="MuteQuack.cpp">
      <Filter>源文件\StrategyPattern</Filter>
    </ClCompile>
    <ClCompile Include="Squeak.cpp">
      <Filter>源文件\StrategyPattern</Filter>
    </ClCompile>
    <ClCompile Include="MallardDuck.cpp">
      <Filter>源文件\StrategyPattern</Filter>
    </ClCompile>
    <ClCompile Include="Observer.cpp">
      <Filter>源文件\ObserverPattern</Filter>
    </ClCompile>
    <ClCompile Include="DisplayElement.cpp">
      <Filter>源文件\ObserverPattern</Filter>
    </ClCompile>
    <ClCompile Include="Subject.cpp">
      <Filter>源文件\ObserverPattern</Filter>
    </ClCompile>
    <ClCompile Include="CurrentConditionsDisplay.cpp">
      <Filter>源文件\ObserverPattern</Filter>
    </ClCompile>
    <ClCompile Include="StatisticsDisplay.cpp">
      <Filter>源文件\ObserverPattern</Filter>
    </ClCompile>
    <ClCompile Include="ForecastDisplay.cpp">
      <Filter>源文件\ObserverPattern</Filter>
    </ClCompile>
    <ClCompile Include="WeatherData.cpp">
      <Filter>源文件\ObserverPattern</Filter>
    </ClCompile>
    <ClCompile Include="Beverage.cpp">
      <Filter>源文件\DecoratorPattern</Filter>
    </ClCompile>
    <ClCompile Include="HouseBlend.cpp">
      <Filter>源文件\DecoratorPattern</Filter>
    </ClCompile>
    <ClCompile Include="DarkRoast.cpp">
      <Filter>源文件\DecoratorPattern</Filter>
    </ClCompile>
    <ClCompile Include="Espresso.cpp">
      <Filter>源文件\DecoratorPattern</Filter>
    </ClCompile>
    <ClCompile Include="CondimentDecorator.cpp">
      <Filter>源文件\DecoratorPattern</Filter>
    </ClCompile>
    <ClCompile Include="main_decorator.cpp">
      <Filter>源文件</Filter>
    </ClCompile>
    <ClCompile Include="main_observer.cpp">
      <Filter>源文件</Filter>
    </ClCompile>
    <ClCompile Include="main_strategy.cpp">
      <Filter>源文件</Filter>
    </ClCompile>
    <ClCompile Include="Milk.cpp">
      <Filter>源文件\DecoratorPattern</Filter>
    </ClCompile>
    <ClCompile Include="Mocha.cpp">
      <Filter>源文件\DecoratorPattern</Filter>
    </ClCompile>
    <ClCompile Include="Soy.cpp">
      <Filter>源文件\DecoratorPattern</Filter>
    </ClCompile>
    <ClCompile Include="Whip.cpp">
      <Filter>源文件\DecoratorPattern</Filter>
    </ClCompile>
    <ClCompile Include="main_singleton.cpp">
      <Filter>源文件</Filter>
    </ClCompile>
  </ItemGroup>
</Project>